
Microsoft Visual Studio Solution File, Format Version 12.00
# Visual Studio Version 17
VisualStudioVersion = 17.11.35111.106
MinimumVisualStudioVersion = 10.0.40219.1
Project("{FAE04EC0-301F-11D3-BF4B-00C04F79EFBC}") = "ClothFashionApp", "ClothFashionApp\ClothFashionApp.csproj", "{D1222ADB-E6D8-49C8-83DE-C90C4B7CF441}"
EndProject
Global
	GlobalSection(SolutionConfigurationPlatforms) = preSolution
		Debug|Any CPU = Debug|Any CPU
		Release|Any CPU = Release|Any CPU
	EndGlobalSection
	GlobalSection(ProjectConfigurationPlatforms) = postSolution
		{D1222ADB-E6D8-49C8-83DE-C90C4B7CF441}.Debug|Any CPU.ActiveCfg = Debug|Any CPU
		{D1222ADB-E6D8-49C8-83DE-C90C4B7CF441}.Debug|Any CPU.Build.0 = Debug|Any CPU
		{D1222ADB-E6D8-49C8-83DE-C90C4B7CF441}.Debug|Any CPU.Deploy.0 = Debug|Any CPU
		{D1222ADB-E6D8-49C8-83DE-C90C4B7CF441}.Release|Any CPU.ActiveCfg = Release|Any CPU
		{D1222ADB-E6D8-49C8-83DE-C90C4B7CF441}.Release|Any CPU.Build.0 = Release|Any CPU
		{D1222ADB-E6D8-49C8-83DE-C90C4B7CF441}.Release|Any CPU.Deploy.0 = Release|Any CPU
	EndGlobalSection
	GlobalSection(SolutionProperties) = preSolution
		HideSolutionNode = FALSE
	EndGlobalSection
	GlobalSection(ExtensibilityGlobals) = postSolution
		SolutionGuid = {001363F4-7D92-45CC-916D-2E8418B39613}
	EndGlobalSection
EndGlobal
